
Microsoft Visual Studio Solution File, Format Version 12.00
# Visual Studio Version 16
VisualStudioVersion = 16.0.29709.97
MinimumVisualStudioVersion = 10.0.40219.1
Project("{9A19103F-16F7-4668-BE54-9A1E7A4F7556}") = "TesteEasynvest.Domain", "TesteEasynvest.Domain\TesteEasynvest.Domain.csproj", "{FB827E98-195A-40BA-B800-8D9EC24E40D4}"
EndProject
Project("{9A19103F-16F7-4668-BE54-9A1E7A4F7556}") = "TesteEasynvest.Service", "TesteEasynvest.Service\TesteEasynvest.Service.csproj", "{E67089FA-B2F6-47ED-A28B-681099AEFFDE}"
EndProject
Project("{9A19103F-16F7-4668-BE54-9A1E7A4F7556}") = "TesteEasynvest.Infra.CrossCutting", "TesteEasynvest.Infra\TesteEasynvest.Infra.CrossCutting.csproj", "{87FC41DF-0A44-4116-8AF2-F6B40F4E55C0}"
EndProject
Project("{2150E333-8FDC-42A3-9474-1A3956D46DE8}") = "1 - Application", "1 - Application", "{4C41FB0D-E637-47B3-932E-A9ABFF02009D}"
EndProject
Project("{2150E333-8FDC-42A3-9474-1A3956D46DE8}") = "2 - Domain", "2 - Domain", "{EDF2B79E-2B91-4658-ABC9-6DEB252B7F26}"
EndProject
Project("{2150E333-8FDC-42A3-9474-1A3956D46DE8}") = "3 - Service", "3 - Service", "{EF06138C-5AE7-4384-A206-FA49387BA736}"
EndProject
Project("{2150E333-8FDC-42A3-9474-1A3956D46DE8}") = "4 - Infra", "4 - Infra", "{41FBFD31-1B58-4752-866F-8E78CB3CFDC7}"
EndProject
Project("{2150E333-8FDC-42A3-9474-1A3956D46DE8}") = "4.1 - CrossCutting", "4.1 - CrossCutting", "{C49FB025-8036-4C45-A95C-7FB5845BC6CF}"
EndProject
Project("{9A19103F-16F7-4668-BE54-9A1E7A4F7556}") = "TesteEasynvest.Api", "TesteEasynvest.Api\TesteEasynvest.Api.csproj", "{09D99412-5A12-4F71-BB41-6464F06E96BF}"
EndProject
Project("{9A19103F-16F7-4668-BE54-9A1E7A4F7556}") = "TesteEasynvest.Domain.Test", "TesteEasynvest.Domain.Test\TesteEasynvest.Domain.Test.csproj", "{D524C428-3EB1-4796-9BCA-1ED77B3B6A1B}"
EndProject
Project("{9A19103F-16F7-4668-BE54-9A1E7A4F7556}") = "HttpServiceAgentTest", "HttpServiceAgentTest\HttpServiceAgentTest.csproj", "{A3A8187C-58B9-4430-95C1-919DF294F9CC}"
EndProject
Global
	GlobalSection(SolutionConfigurationPlatforms) = preSolution
		Debug|Any CPU = Debug|Any CPU
		Release|Any CPU = Release|Any CPU
	EndGlobalSection
	GlobalSection(ProjectConfigurationPlatforms) = postSolution
		{FB827E98-195A-40BA-B800-8D9EC24E40D4}.Debug|Any CPU.ActiveCfg = Debug|Any CPU
		{FB827E98-195A-40BA-B800-8D9EC24E40D4}.Debug|Any CPU.Build.0 = Debug|Any CPU
		{FB827E98-195A-40BA-B800-8D9EC24E40D4}.Release|Any CPU.ActiveCfg = Release|Any CPU
		{FB827E98-195A-40BA-B800-8D9EC24E40D4}.Release|Any CPU.Build.0 = Release|Any CPU
		{E67089FA-B2F6-47ED-A28B-681099AEFFDE}.Debug|Any CPU.ActiveCfg = Debug|Any CPU
		{E67089FA-B2F6-47ED-A28B-681099AEFFDE}.Debug|Any CPU.Build.0 = Debug|Any CPU
		{E67089FA-B2F6-47ED-A28B-681099AEFFDE}.Release|Any CPU.ActiveCfg = Release|Any CPU
		{E67089FA-B2F6-47ED-A28B-681099AEFFDE}.Release|Any CPU.Build.0 = Release|Any CPU
		{87FC41DF-0A44-4116-8AF2-F6B40F4E55C0}.Debug|Any CPU.ActiveCfg = Debug|Any CPU
		{87FC41DF-0A44-4116-8AF2-F6B40F4E55C0}.Debug|Any CPU.Build.0 = Debug|Any CPU
		{87FC41DF-0A44-4116-8AF2-F6B40F4E55C0}.Release|Any CPU.ActiveCfg = Release|Any CPU
		{87FC41DF-0A44-4116-8AF2-F6B40F4E55C0}.Release|Any CPU.Build.0 = Release|Any CPU
		{09D99412-5A12-4F71-BB41-6464F06E96BF}.Debug|Any CPU.ActiveCfg = Debug|Any CPU
		{09D99412-5A12-4F71-BB41-6464F06E96BF}.Debug|Any CPU.Build.0 = Debug|Any CPU
		{09D99412-5A12-4F71-BB41-6464F06E96BF}.Release|Any CPU.ActiveCfg = Release|Any CPU
		{09D99412-5A12-4F71-BB41-6464F06E96BF}.Release|Any CPU.Build.0 = Release|Any CPU
		{D524C428-3EB1-4796-9BCA-1ED77B3B6A1B}.Debug|Any CPU.ActiveCfg = Debug|Any CPU
		{D524C428-3EB1-4796-9BCA-1ED77B3B6A1B}.Debug|Any CPU.Build.0 = Debug|Any CPU
		{D524C428-3EB1-4796-9BCA-1ED77B3B6A1B}.Release|Any CPU.ActiveCfg = Release|Any CPU
		{D524C428-3EB1-4796-9BCA-1ED77B3B6A1B}.Release|Any CPU.Build.0 = Release|Any CPU
		{A3A8187C-58B9-4430-95C1-919DF294F9CC}.Debug|Any CPU.ActiveCfg = Debug|Any CPU
		{A3A8187C-58B9-4430-95C1-919DF294F9CC}.Debug|Any CPU.Build.0 = Debug|Any CPU
		{A3A8187C-58B9-4430-95C1-919DF294F9CC}.Release|Any CPU.ActiveCfg = Release|Any CPU
		{A3A8187C-58B9-4430-95C1-919DF294F9CC}.Release|Any CPU.Build.0 = Release|Any CPU
	EndGlobalSection
	GlobalSection(SolutionProperties) = preSolution
		HideSolutionNode = FALSE
	EndGlobalSection
	GlobalSection(NestedProjects) = preSolution
		{FB827E98-195A-40BA-B800-8D9EC24E40D4} = {EDF2B79E-2B91-4658-ABC9-6DEB252B7F26}
		{E67089FA-B2F6-47ED-A28B-681099AEFFDE} = {EF06138C-5AE7-4384-A206-FA49387BA736}
		{87FC41DF-0A44-4116-8AF2-F6B40F4E55C0} = {C49FB025-8036-4C45-A95C-7FB5845BC6CF}
		{C49FB025-8036-4C45-A95C-7FB5845BC6CF} = {41FBFD31-1B58-4752-866F-8E78CB3CFDC7}
		{09D99412-5A12-4F71-BB41-6464F06E96BF} = {4C41FB0D-E637-47B3-932E-A9ABFF02009D}
		{D524C428-3EB1-4796-9BCA-1ED77B3B6A1B} = {EDF2B79E-2B91-4658-ABC9-6DEB252B7F26}
		{A3A8187C-58B9-4430-95C1-919DF294F9CC} = {C49FB025-8036-4C45-A95C-7FB5845BC6CF}
	EndGlobalSection
	GlobalSection(ExtensibilityGlobals) = postSolution
		SolutionGuid = {DAE9500B-D175-42CE-99FA-F322F900CD1E}
	EndGlobalSection
EndGlobal
